
Microsoft Visual Studio Solution File, Format Version 12.00
# Visual Studio 15
VisualStudioVersion = 15.0.28010.2026
MinimumVisualStudioVersion = 10.0.40219.1
Project("{FAE04EC0-301F-11D3-BF4B-00C04F79EFBC}") = "ConsoleApp2", "ConsoleApp2\ConsoleApp2.csproj", "{6B26C570-BB9A-4AD6-8E26-6C30266461C5}"
EndProject
Global
	GlobalSection(SolutionConfigurationPlatforms) = preSolution
		Debug|Any CPU = Debug|Any CPU
		Release|Any CPU = Release|Any CPU
	EndGlobalSection
	GlobalSection(ProjectConfigurationPlatforms) = postSolution
		{6B26C570-BB9A-4AD6-8E26-6C30266461C5}.Debug|Any CPU.ActiveCfg = Debug|Any CPU
		{6B26C570-BB9A-4AD6-8E26-6C30266461C5}.Debug|Any CPU.Build.0 = Debug|Any CPU
		{6B26C570-BB9A-4AD6-8E26-6C30266461C5}.Release|Any CPU.ActiveCfg = Release|Any CPU
		{6B26C570-BB9A-4AD6-8E26-6C30266461C5}.Release|Any CPU.Build.0 = Release|Any CPU
	EndGlobalSection
	GlobalSection(SolutionProperties) = preSolution
		HideSolutionNode = FALSE
	EndGlobalSection
	GlobalSection(ExtensibilityGlobals) = postSolution
		SolutionGuid = {EB30F0B4-D5B3-4842-81FF-601F135190BF}
	EndGlobalSection
EndGlobal
